
Microsoft Visual Studio Solution File, Format Version 12.00
# Visual Studio 15
VisualStudioVersion = 15.0.26124.0
MinimumVisualStudioVersion = 15.0.26124.0
Project("{9A19103F-16F7-4668-BE54-9A1E7A4F7556}") = "MyWorld", "src\MyWorld.csproj", "{5E036539-9136-4DE2-8C58-AB9329EDED2D}"
EndProject
Project("{9A19103F-16F7-4668-BE54-9A1E7A4F7556}") = "test", "test\test.csproj", "{F046A37B-05BE-40F6-A374-ABCF3FEC395B}"
EndProject
Global
	GlobalSection(SolutionConfigurationPlatforms) = preSolution
		Debug|Any CPU = Debug|Any CPU
		Debug|x64 = Debug|x64
		Debug|x86 = Debug|x86
		Release|Any CPU = Release|Any CPU
		Release|x64 = Release|x64
		Release|x86 = Release|x86
	EndGlobalSection
	GlobalSection(ProjectConfigurationPlatforms) = postSolution
		{5E036539-9136-4DE2-8C58-AB9329EDED2D}.Debug|Any CPU.ActiveCfg = Debug|Any CPU
		{5E036539-9136-4DE2-8C58-AB9329EDED2D}.Debug|Any CPU.Build.0 = Debug|Any CPU
		{5E036539-9136-4DE2-8C58-AB9329EDED2D}.Debug|x64.ActiveCfg = Debug|Any CPU
		{5E036539-9136-4DE2-8C58-AB9329EDED2D}.Debug|x64.Build.0 = Debug|Any CPU
		{5E036539-9136-4DE2-8C58-AB9329EDED2D}.Debug|x86.ActiveCfg = Debug|Any CPU
		{5E036539-9136-4DE2-8C58-AB9329EDED2D}.Debug|x86.Build.0 = Debug|Any CPU
		{5E036539-9136-4DE2-8C58-AB9329EDED2D}.Release|Any CPU.ActiveCfg = Release|Any CPU
		{5E036539-9136-4DE2-8C58-AB9329EDED2D}.Release|Any CPU.Build.0 = Release|Any CPU
		{5E036539-9136-4DE2-8C58-AB9329EDED2D}.Release|x64.ActiveCfg = Release|Any CPU
		{5E036539-9136-4DE2-8C58-AB9329EDED2D}.Release|x64.Build.0 = Release|Any CPU
		{5E036539-9136-4DE2-8C58-AB9329EDED2D}.Release|x86.ActiveCfg = Release|Any CPU
		{5E036539-9136-4DE2-8C58-AB9329EDED2D}.Release|x86.Build.0 = Release|Any CPU
		{F046A37B-05BE-40F6-A374-ABCF3FEC395B}.Debug|Any CPU.ActiveCfg = Debug|Any CPU
		{F046A37B-05BE-40F6-A374-ABCF3FEC395B}.Debug|Any CPU.Build.0 = Debug|Any CPU
		{F046A37B-05BE-40F6-A374-ABCF3FEC395B}.Debug|x64.ActiveCfg = Debug|Any CPU
		{F046A37B-05BE-40F6-A374-ABCF3FEC395B}.Debug|x64.Build.0 = Debug|Any CPU
		{F046A37B-05BE-40F6-A374-ABCF3FEC395B}.Debug|x86.ActiveCfg = Debug|Any CPU
		{F046A37B-05BE-40F6-A374-ABCF3FEC395B}.Debug|x86.Build.0 = Debug|Any CPU
		{F046A37B-05BE-40F6-A374-ABCF3FEC395B}.Release|Any CPU.ActiveCfg = Release|Any CPU
		{F046A37B-05BE-40F6-A374-ABCF3FEC395B}.Release|Any CPU.Build.0 = Release|Any CPU
		{F046A37B-05BE-40F6-A374-ABCF3FEC395B}.Release|x64.ActiveCfg = Release|Any CPU
		{F046A37B-05BE-40F6-A374-ABCF3FEC395B}.Release|x64.Build.0 = Release|Any CPU
		{F046A37B-05BE-40F6-A374-ABCF3FEC395B}.Release|x86.ActiveCfg = Release|Any CPU
		{F046A37B-05BE-40F6-A374-ABCF3FEC395B}.Release|x86.Build.0 = Release|Any CPU
	EndGlobalSection
	GlobalSection(SolutionProperties) = preSolution
		HideSolutionNode = FALSE
	EndGlobalSection
	GlobalSection(ExtensibilityGlobals) = postSolution
		SolutionGuid = {99D8D4A0-DB24-4350-BA01-1D69C398A946}
	EndGlobalSection
EndGlobal
